
Microsoft Visual Studio Solution File, Format Version 12.00
# Visual Studio Version 16
VisualStudioVersion = 16.0.30204.135
MinimumVisualStudioVersion = 10.0.40219.1
Project("{9A19103F-16F7-4668-BE54-9A1E7A4F7556}") = "Youtube Thumbnail Getter", "Youtube Thumbnail Getter\Youtube Thumbnail Getter.csproj", "{3A1C2069-97A8-4BAC-ACC0-55F95474E43A}"
EndProject
Global
	GlobalSection(SolutionConfigurationPlatforms) = preSolution
		Debug|Any CPU = Debug|Any CPU
		Release|Any CPU = Release|Any CPU
	EndGlobalSection
	GlobalSection(ProjectConfigurationPlatforms) = postSolution
		{3A1C2069-97A8-4BAC-ACC0-55F95474E43A}.Debug|Any CPU.ActiveCfg = Debug|Any CPU
		{3A1C2069-97A8-4BAC-ACC0-55F95474E43A}.Debug|Any CPU.Build.0 = Debug|Any CPU
		{3A1C2069-97A8-4BAC-ACC0-55F95474E43A}.Release|Any CPU.ActiveCfg = Release|Any CPU
		{3A1C2069-97A8-4BAC-ACC0-55F95474E43A}.Release|Any CPU.Build.0 = Release|Any CPU
	EndGlobalSection
	GlobalSection(SolutionProperties) = preSolution
		HideSolutionNode = FALSE
	EndGlobalSection
	GlobalSection(ExtensibilityGlobals) = postSolution
		SolutionGuid = {2866A821-7B28-41D7-BF34-4B116A1B94A9}
	EndGlobalSection
EndGlobal
